{
  "name": "test-algolia-drupal",
  "lockfileVersion": 3,
  "requires": true,
  "packages": {
    "": {
      "dependencies": {
        "instantsearch.js": "^4.74.1"
      }
    },
    "node_modules/@algolia/client-abtesting": {
      "version": "5.4.1",
      "resolved": "https://registry.npmjs.org/@algolia/client-abtesting/-/client-abtesting-5.4.1.tgz",
      "integrity": "sha512-wJQDAqGPnvKxBnE3IZ9hKaYAumlGN3zAcAXQiFdvDDj5EXwwNrdLDjmvzt+e/QGPgYPqSIjCeiQMqDHevBmMLA==",
      "peer": true,
      "dependencies": {
        "@algolia/client-common": "5.4.1",
        "@algolia/requester-browser-xhr": "5.4.1",
        "@algolia/requester-fetch": "5.4.1",
        "@algolia/requester-node-http": "5.4.1"
      },
      "engines": {
        "node": ">= 14.0.0"
      }
    },
    "node_modules/@algolia/client-analytics": {
      "version": "5.4.1",
      "resolved": "https://registry.npmjs.org/@algolia/client-analytics/-/client-analytics-5.4.1.tgz",
      "integrity": "sha512-u8jb5wvfDDOQj/u/qOacd+1GJjSjazFUtGBMFJ8SAlKmU0u/GL+sMrEC0fz0RmPqP/ivZ25qcyCk1n8CpSQGwg==",
      "peer": true,
      "dependencies": {
        "@algolia/client-common": "5.4.1",
        "@algolia/requester-browser-xhr": "5.4.1",
        "@algolia/requester-fetch": "5.4.1",
        "@algolia/requester-node-http": "5.4.1"
      },
      "engines": {
        "node": ">= 14.0.0"
      }
    },
    "node_modules/@algolia/client-common": {
      "version": "5.4.1",
      "resolved": "https://registry.npmjs.org/@algolia/client-common/-/client-common-5.4.1.tgz",
      "integrity": "sha512-IffPD+CETiR8YJMVC1lcjnhETLpJ2L0ORZCbbRvwo/S11D1j/keR7AqKVMn4TseRJCfjmBFOcFrC+m4sXjyQWA==",
      "peer": true,
      "engines": {
        "node": ">= 14.0.0"
      }
    },
    "node_modules/@algolia/client-personalization": {
      "version": "5.4.1",
      "resolved": "https://registry.npmjs.org/@algolia/client-personalization/-/client-personalization-5.4.1.tgz",
      "integrity": "sha512-WqxZRlOBcsJlxO6I0abnGkA1Grjcw0rEs4hEu0SZb+GL9lUsZnIVGNAn5h2GLaMx6kR48W8Ep4xU10jP0NNvKA==",
      "peer": true,
      "dependencies": {
        "@algolia/client-common": "5.4.1",
        "@algolia/requester-browser-xhr": "5.4.1",
        "@algolia/requester-fetch": "5.4.1",
        "@algolia/requester-node-http": "5.4.1"
      },
      "engines": {
        "node": ">= 14.0.0"
      }
    },
    "node_modules/@algolia/client-search": {
      "version": "5.4.1",
      "resolved": "https://registry.npmjs.org/@algolia/client-search/-/client-search-5.4.1.tgz",
      "integrity": "sha512-nCgWY2p0tZgBqJKmA5E6B3VW+7uqxi1Orf88zNWOihJBRFeOV932pzG4vGrX9l0+p0o/vJabYxuomO35rEt5dw==",
      "peer": true,
      "dependencies": {
        "@algolia/client-common": "5.4.1",
        "@algolia/requester-browser-xhr": "5.4.1",
        "@algolia/requester-fetch": "5.4.1",
        "@algolia/requester-node-http": "5.4.1"
      },
      "engines": {
        "node": ">= 14.0.0"
      }
    },
    "node_modules/@algolia/events": {
      "version": "4.0.1",
      "resolved": "https://registry.npmjs.org/@algolia/events/-/events-4.0.1.tgz",
      "integrity": "sha512-FQzvOCgoFXAbf5Y6mYozw2aj5KCJoA3m4heImceldzPSMbdyS4atVjJzXKMsfX3wnZTFYwkkt8/z8UesLHlSBQ=="
    },
    "node_modules/@algolia/recommend": {
      "version": "5.4.1",
      "resolved": "https://registry.npmjs.org/@algolia/recommend/-/recommend-5.4.1.tgz",
      "integrity": "sha512-OgXki3OHFthEVrsv8GtKNxqQw7ww4u2m0iXl+9a/E+FhTD0iJcS2rACrYB8y6/HRTFQMqML509M0I1B/dXy6ig==",
      "peer": true,
      "dependencies": {
        "@algolia/client-common": "5.4.1",
        "@algolia/requester-browser-xhr": "5.4.1",
        "@algolia/requester-fetch": "5.4.1",
        "@algolia/requester-node-http": "5.4.1"
      },
      "engines": {
        "node": ">= 14.0.0"
      }
    },
    "node_modules/@algolia/requester-browser-xhr": {
      "version": "5.4.1",
      "resolved": "https://registry.npmjs.org/@algolia/requester-browser-xhr/-/requester-browser-xhr-5.4.1.tgz",
      "integrity": "sha512-J6+YfU+maR0nIbsYRHoq0UpneilX97hrZzPuuvSoBojQmPo8PeCXKGeT/F0D8uFI6G4CMTKEPGmQYrC9IpCbcQ==",
      "peer": true,
      "dependencies": {
        "@algolia/client-common": "5.4.1"
      },
      "engines": {
        "node": ">= 14.0.0"
      }
    },
    "node_modules/@algolia/requester-fetch": {
      "version": "5.4.1",
      "resolved": "https://registry.npmjs.org/@algolia/requester-fetch/-/requester-fetch-5.4.1.tgz",
      "integrity": "sha512-AO/C1pqqpIS8p2IsfM5x92S+UBKkcIen5dHfMEh1rnV0ArWDreeqrtxMD2A+6AjQVwYeZNy56w7o7PVIm6mc8g==",
      "peer": true,
      "dependencies": {
        "@algolia/client-common": "5.4.1"
      },
      "engines": {
        "node": ">= 14.0.0"
      }
    },
    "node_modules/@algolia/requester-node-http": {
      "version": "5.4.1",
      "resolved": "https://registry.npmjs.org/@algolia/requester-node-http/-/requester-node-http-5.4.1.tgz",
      "integrity": "sha512-2Y3vffc91egwFxz0SjXFEH4q8nvlNJHcz+0//NaWItRU68AvD+3aI/j66STPjkLQOC0Ku6ckA9ChhbOVfrv+Uw==",
      "peer": true,
      "dependencies": {
        "@algolia/client-common": "5.4.1"
      },
      "engines": {
        "node": ">= 14.0.0"
      }
    },
    "node_modules/@babel/runtime": {
      "version": "7.25.6",
      "resolved": "https://registry.npmjs.org/@babel/runtime/-/runtime-7.25.6.tgz",
      "integrity": "sha512-VBj9MYyDb9tuLq7yzqjgzt6Q+IBQLrGZfdjOekyEirZPHxXWoTSGUTMrpsfi58Up73d13NfYLv8HT9vmznjzhQ==",
      "dependencies": {
        "regenerator-runtime": "^0.14.0"
      },
      "engines": {
        "node": ">=6.9.0"
      }
    },
    "node_modules/@types/dom-speech-recognition": {
      "version": "0.0.1",
      "resolved": "https://registry.npmjs.org/@types/dom-speech-recognition/-/dom-speech-recognition-0.0.1.tgz",
      "integrity": "sha512-udCxb8DvjcDKfk1WTBzDsxFbLgYxmQGKrE/ricoMqHRNjSlSUCcamVTA5lIQqzY10mY5qCY0QDwBfFEwhfoDPw=="
    },
    "node_modules/@types/google.maps": {
      "version": "3.58.0",
      "resolved": "https://registry.npmjs.org/@types/google.maps/-/google.maps-3.58.0.tgz",
      "integrity": "sha512-rZPrbNHoGxeY70uuQYFLGQqcz5mLd3pZy0u286GSugvN7PLFsHNRF2wN2QXtUgNiC33IC0LX+MD3LGAC3wN7Eg=="
    },
    "node_modules/@types/hogan.js": {
      "version": "3.0.5",
      "resolved": "https://registry.npmjs.org/@types/hogan.js/-/hogan.js-3.0.5.tgz",
      "integrity": "sha512-/uRaY3HGPWyLqOyhgvW9Aa43BNnLZrNeQxl2p8wqId4UHMfPKolSB+U7BlZyO1ng7MkLnyEAItsBzCG0SDhqrA=="
    },
    "node_modules/@types/qs": {
      "version": "6.9.15",
      "resolved": "https://registry.npmjs.org/@types/qs/-/qs-6.9.15.tgz",
      "integrity": "sha512-uXHQKES6DQKKCLh441Xv/dwxOq1TVS3JPUMlEqoEglvlhR6Mxnlew/Xq/LRVHpLyk7iK3zODe1qYHIMltO7XGg=="
    },
    "node_modules/abbrev": {
      "version": "1.1.1",
      "resolved": "https://registry.npmjs.org/abbrev/-/abbrev-1.1.1.tgz",
      "integrity": "sha512-nne9/IiQ/hzIhY6pdDnbBtz7DjPTKrY00P/zvPSm5pOFkl6xuGrGnXn/VtTNNfNtAfZ9/1RtehkszU9qcTii0Q=="
    },
    "node_modules/algoliasearch": {
      "version": "5.4.1",
      "resolved": "https://registry.npmjs.org/algoliasearch/-/algoliasearch-5.4.1.tgz",
      "integrity": "sha512-8LpK9JOiZQMUVXGrvieMhgG9rhNXD5TTycBCXMV/KShHFPklMkeHVo+HmFOH3lnQFi74M0Qhs/RXu+dfomCMWQ==",
      "peer": true,
      "dependencies": {
        "@algolia/client-abtesting": "5.4.1",
        "@algolia/client-analytics": "5.4.1",
        "@algolia/client-common": "5.4.1",
        "@algolia/client-personalization": "5.4.1",
        "@algolia/client-search": "5.4.1",
        "@algolia/recommend": "5.4.1",
        "@algolia/requester-browser-xhr": "5.4.1",
        "@algolia/requester-fetch": "5.4.1",
        "@algolia/requester-node-http": "5.4.1"
      },
      "engines": {
        "node": ">= 14.0.0"
      }
    },
    "node_modules/algoliasearch-helper": {
      "version": "3.22.5",
      "resolved": "https://registry.npmjs.org/algoliasearch-helper/-/algoliasearch-helper-3.22.5.tgz",
      "integrity": "sha512-lWvhdnc+aKOKx8jyA3bsdEgHzm/sglC4cYdMG4xSQyRiPLJVJtH/IVYZG3Hp6PkTEhQqhyVYkeP9z2IlcHJsWw==",
      "dependencies": {
        "@algolia/events": "^4.0.1"
      },
      "peerDependencies": {
        "algoliasearch": ">= 3.1 < 6"
      }
    },
    "node_modules/hogan.js": {
      "version": "3.0.2",
      "resolved": "https://registry.npmjs.org/hogan.js/-/hogan.js-3.0.2.tgz",
      "integrity": "sha512-RqGs4wavGYJWE07t35JQccByczmNUXQT0E12ZYV1VKYu5UiAU9lsos/yBAcf840+zrUQQxgVduCR5/B8nNtibg==",
      "dependencies": {
        "mkdirp": "0.3.0",
        "nopt": "1.0.10"
      },
      "bin": {
        "hulk": "bin/hulk"
      }
    },
    "node_modules/htm": {
      "version": "3.1.1",
      "resolved": "https://registry.npmjs.org/htm/-/htm-3.1.1.tgz",
      "integrity": "sha512-983Vyg8NwUE7JkZ6NmOqpCZ+sh1bKv2iYTlUkzlWmA5JD2acKoxd4KVxbMmxX/85mtfdnDmTFoNKcg5DGAvxNQ=="
    },
    "node_modules/instantsearch-ui-components": {
      "version": "0.9.0",
      "resolved": "https://registry.npmjs.org/instantsearch-ui-components/-/instantsearch-ui-components-0.9.0.tgz",
      "integrity": "sha512-ugQ+XdPx3i3Sxu+woRo6tPE0Fz/kWd4KblTUfZD1TZZBsm/8qFvcbg5dVBDvXX9v7ntoyugXCzC/XCZMzrSkig==",
      "dependencies": {
        "@babel/runtime": "^7.1.2"
      }
    },
    "node_modules/instantsearch.js": {
      "version": "4.74.1",
      "resolved": "https://registry.npmjs.org/instantsearch.js/-/instantsearch.js-4.74.1.tgz",
      "integrity": "sha512-PUHvuwzkA6SA52SFCYw5ubVU4ydw+/JGsDnlYXQSRKWXfpy4R99f3R4NmVR/69v0yIprIE8sq03dWeILjaAZ7Q==",
      "dependencies": {
        "@algolia/events": "^4.0.1",
        "@types/dom-speech-recognition": "^0.0.1",
        "@types/google.maps": "^3.55.12",
        "@types/hogan.js": "^3.0.0",
        "@types/qs": "^6.5.3",
        "algoliasearch-helper": "3.22.5",
        "hogan.js": "^3.0.2",
        "htm": "^3.0.0",
        "instantsearch-ui-components": "0.9.0",
        "preact": "^10.10.0",
        "qs": "^6.5.1 < 6.10",
        "search-insights": "^2.15.0"
      },
      "peerDependencies": {
        "algoliasearch": ">= 3.1 < 6"
      }
    },
    "node_modules/mkdirp": {
      "version": "0.3.0",
      "resolved": "https://registry.npmjs.org/mkdirp/-/mkdirp-0.3.0.tgz",
      "integrity": "sha512-OHsdUcVAQ6pOtg5JYWpCBo9W/GySVuwvP9hueRMW7UqshC0tbfzLv8wjySTPm3tfUZ/21CE9E1pJagOA91Pxew==",
      "deprecated": "Legacy versions of mkdirp are no longer supported. Please update to mkdirp 1.x. (Note that the API surface has changed to use Promises in 1.x.)",
      "engines": {
        "node": "*"
      }
    },
    "node_modules/nopt": {
      "version": "1.0.10",
      "resolved": "https://registry.npmjs.org/nopt/-/nopt-1.0.10.tgz",
      "integrity": "sha512-NWmpvLSqUrgrAC9HCuxEvb+PSloHpqVu+FqcO4eeF2h5qYRhA7ev6KvelyQAKtegUbC6RypJnlEOhd8vloNKYg==",
      "dependencies": {
        "abbrev": "1"
      },
      "bin": {
        "nopt": "bin/nopt.js"
      },
      "engines": {
        "node": "*"
      }
    },
    "node_modules/preact": {
      "version": "10.23.2",
      "resolved": "https://registry.npmjs.org/preact/-/preact-10.23.2.tgz",
      "integrity": "sha512-kKYfePf9rzKnxOAKDpsWhg/ysrHPqT+yQ7UW4JjdnqjFIeNUnNcEJvhuA8fDenxAGWzUqtd51DfVg7xp/8T9NA==",
      "funding": {
        "type": "opencollective",
        "url": "https://opencollective.com/preact"
      }
    },
    "node_modules/qs": {
      "version": "6.9.7",
      "resolved": "https://registry.npmjs.org/qs/-/qs-6.9.7.tgz",
      "integrity": "sha512-IhMFgUmuNpyRfxA90umL7ByLlgRXu6tIfKPpF5TmcfRLlLCckfP/g3IQmju6jjpu+Hh8rA+2p6A27ZSPOOHdKw==",
      "engines": {
        "node": ">=0.6"
      },
      "funding": {
        "url": "https://github.com/sponsors/ljharb"
      }
    },
    "node_modules/regenerator-runtime": {
      "version": "0.14.1",
      "resolved": "https://registry.npmjs.org/regenerator-runtime/-/regenerator-runtime-0.14.1.tgz",
      "integrity": "sha512-dYnhHh0nJoMfnkZs6GmmhFknAGRrLznOu5nc9ML+EJxGvrx6H7teuevqVqCuPcPK//3eDrrjQhehXVx9cnkGdw=="
    },
    "node_modules/search-insights": {
      "version": "2.17.2",
      "resolved": "https://registry.npmjs.org/search-insights/-/search-insights-2.17.2.tgz",
      "integrity": "sha512-zFNpOpUO+tY2D85KrxJ+aqwnIfdEGi06UH2+xEb+Bp9Mwznmauqc9djbnBibJO5mpfUPPa8st6Sx65+vbeO45g=="
    }
  }
}
